{
  "name": "nativescript-preact",
  "version": "0.0.2",
  "lockfileVersion": 1,
  "requires": true,
  "dependencies": {
    "check-arg-types": {
      "version": "1.1.2",
      "resolved": "https://registry.npmjs.org/check-arg-types/-/check-arg-types-1.1.2.tgz",
      "integrity": "sha512-JlPlbqz/TcRGJYR0rSe/YhuqjOP1VoIePuaQHKHPM+GoxsLbjSCFc3N93Iiar+KNs9KcmLTYhmR15Mlhl4OgfA=="
    },
    "preact": {
      "version": "10.0.0-rc.3",
      "resolved": "https://registry.npmjs.org/preact/-/preact-10.0.0-rc.3.tgz",
      "integrity": "sha512-IvDc2AGvHJncEtORciLDzpluDF2MsZqf9eo6xHt7HVY4E6OvxZzAePYJtv3siVdEntxmB9NciQpbToT1APqJYQ=="
    }
  }
}
